
Microsoft Visual Studio Solution File, Format Version 12.00
# Visual Studio Version 17
VisualStudioVersion = 17.12.35707.178 d17.12
MinimumVisualStudioVersion = 10.0.40219.1
Project("{FAE04EC0-301F-11D3-BF4B-00C04F79EFBC}") = "tmdb-cl", "tmdb-cl\tmdb-cl.csproj", "{8ACE6674-3F01-45A5-B454-C24FD7B1680F}"
EndProject
Project("{FAE04EC0-301F-11D3-BF4B-00C04F79EFBC}") = "tmdb-app", "tmdb-app\tmdb-app.csproj", "{7EDB87DB-2CD8-4F54-AEFB-6B10114D9745}"
EndProject
Global
	GlobalSection(SolutionConfigurationPlatforms) = preSolution
		Debug|Any CPU = Debug|Any CPU
		Release|Any CPU = Release|Any CPU
	EndGlobalSection
	GlobalSection(ProjectConfigurationPlatforms) = postSolution
		{8ACE6674-3F01-45A5-B454-C24FD7B1680F}.Debug|Any CPU.ActiveCfg = Debug|Any CPU
		{8ACE6674-3F01-45A5-B454-C24FD7B1680F}.Debug|Any CPU.Build.0 = Debug|Any CPU
		{8ACE6674-3F01-45A5-B454-C24FD7B1680F}.Release|Any CPU.ActiveCfg = Release|Any CPU
		{8ACE6674-3F01-45A5-B454-C24FD7B1680F}.Release|Any CPU.Build.0 = Release|Any CPU
		{7EDB87DB-2CD8-4F54-AEFB-6B10114D9745}.Debug|Any CPU.ActiveCfg = Debug|Any CPU
		{7EDB87DB-2CD8-4F54-AEFB-6B10114D9745}.Debug|Any CPU.Build.0 = Debug|Any CPU
		{7EDB87DB-2CD8-4F54-AEFB-6B10114D9745}.Release|Any CPU.ActiveCfg = Release|Any CPU
		{7EDB87DB-2CD8-4F54-AEFB-6B10114D9745}.Release|Any CPU.Build.0 = Release|Any CPU
	EndGlobalSection
	GlobalSection(SolutionProperties) = preSolution
		HideSolutionNode = FALSE
	EndGlobalSection
EndGlobal
